
Microsoft Visual Studio Solution File, Format Version 12.00
# Visual Studio Version 16
VisualStudioVersion = 16.0.29519.181
MinimumVisualStudioVersion = 10.0.40219.1
Project("{9A19103F-16F7-4668-BE54-9A1E7A4F7556}") = "DesighPatternLibrary", "DesighPatternLibrary.csproj", "{2F501888-50CD-4870-98A2-DD4A55859C4E}"
EndProject
Global
	GlobalSection(SolutionConfigurationPlatforms) = preSolution
		Debug|Any CPU = Debug|Any CPU
		Release|Any CPU = Release|Any CPU
	EndGlobalSection
	GlobalSection(ProjectConfigurationPlatforms) = postSolution
		{2F501888-50CD-4870-98A2-DD4A55859C4E}.Debug|Any CPU.ActiveCfg = Debug|Any CPU
		{2F501888-50CD-4870-98A2-DD4A55859C4E}.Debug|Any CPU.Build.0 = Debug|Any CPU
		{2F501888-50CD-4870-98A2-DD4A55859C4E}.Release|Any CPU.ActiveCfg = Release|Any CPU
		{2F501888-50CD-4870-98A2-DD4A55859C4E}.Release|Any CPU.Build.0 = Release|Any CPU
	EndGlobalSection
	GlobalSection(SolutionProperties) = preSolution
		HideSolutionNode = FALSE
	EndGlobalSection
	GlobalSection(ExtensibilityGlobals) = postSolution
		SolutionGuid = {56E11812-DEB2-4090-A93E-3D70485A969F}
	EndGlobalSection
EndGlobal
